// !$*UTF8*$!
{
	archiveVersion = 1;
	classes = {
	};
	objectVersion = 46;
	objects = {

/* Begin PBXBuildFile section */
		170059D51BC5A0DF006F6D57 /* InAppPurchaseManager.swift in Sources */ = {isa = PBXBuildFile; fileRef = 170059D41BC5A0DF006F6D57 /* InAppPurchaseManager.swift */; settings = {ASSET_TAGS = (); }; };
		170229C51BB739DD0073F634 /* ColorManager.swift in Sources */ = {isa = PBXBuildFile; fileRef = 170229C41BB739DD0073F634 /* ColorManager.swift */; settings = {ASSET_TAGS = (); }; };
		170700681BBA280000E0BF9D /* Settings.bundle in Resources */ = {isa = PBXBuildFile; fileRef = 170700671BBA280000E0BF9D /* Settings.bundle */; settings = {ASSET_TAGS = (); }; };
		17109AA11BC6E693007B6BD7 /* Network.swift in Sources */ = {isa = PBXBuildFile; fileRef = 17109AA01BC6E693007B6BD7 /* Network.swift */; settings = {ASSET_TAGS = (); }; };
		174288B21BC476800098F92E /* TipJar.storyboard in Resources */ = {isa = PBXBuildFile; fileRef = 174288B01BC476800098F92E /* TipJar.storyboard */; settings = {ASSET_TAGS = (); }; };
		174288B41BC47F200098F92E /* CoffeeCup.swift in Sources */ = {isa = PBXBuildFile; fileRef = 174288B31BC47F200098F92E /* CoffeeCup.swift */; settings = {ASSET_TAGS = (); }; };
		174288B71BC4BD9B0098F92E /* TipJarViewController.swift in Sources */ = {isa = PBXBuildFile; fileRef = 174288B61BC4BD9B0098F92E /* TipJarViewController.swift */; settings = {ASSET_TAGS = (); }; };
		174FCA941BB9126E009909F0 /* Logger.swift in Sources */ = {isa = PBXBuildFile; fileRef = 174FCA931BB9126E009909F0 /* Logger.swift */; settings = {ASSET_TAGS = (); }; };
		174FCA9B1BB9B4F1009909F0 /* AnalogClockFaceView.swift in Sources */ = {isa = PBXBuildFile; fileRef = 174FCA9A1BB9B4F1009909F0 /* AnalogClockFaceView.swift */; settings = {ASSET_TAGS = (); }; };
		174FCA9D1BB9B51D009909F0 /* DigitalClockFaceView.swift in Sources */ = {isa = PBXBuildFile; fileRef = 174FCA9C1BB9B51D009909F0 /* DigitalClockFaceView.swift */; settings = {ASSET_TAGS = (); }; };
		174FCA9F1BBA1A85009909F0 /* Degree2Radians.swift in Sources */ = {isa = PBXBuildFile; fileRef = 174FCA9E1BBA1A85009909F0 /* Degree2Radians.swift */; settings = {ASSET_TAGS = (); }; };
		1790FD151BB49B4D00C2A21E /* AppDelegate.swift in Sources */ = {isa = PBXBuildFile; fileRef = 1790FD141BB49B4D00C2A21E /* AppDelegate.swift */; };
		1790FD1A1BB49B4D00C2A21E /* Main.storyboard in Resources */ = {isa = PBXBuildFile; fileRef = 1790FD181BB49B4D00C2A21E /* Main.storyboard */; };
		1790FD1F1BB49B4D00C2A21E /* LaunchScreen.storyboard in Resources */ = {isa = PBXBuildFile; fileRef = 1790FD1D1BB49B4D00C2A21E /* LaunchScreen.storyboard */; };
		1790FD2A1BB49B4D00C2A21E /* color_clockTests.swift in Sources */ = {isa = PBXBuildFile; fileRef = 1790FD291BB49B4D00C2A21E /* color_clockTests.swift */; };
		1790FD351BB49B4D00C2A21E /* color_clockUITests.swift in Sources */ = {isa = PBXBuildFile; fileRef = 1790FD341BB49B4D00C2A21E /* color_clockUITests.swift */; };
		1790FD481BB49C4500C2A21E /* Assets.xcassets in Resources */ = {isa = PBXBuildFile; fileRef = 1790FD461BB49C4500C2A21E /* Assets.xcassets */; settings = {ASSET_TAGS = (); }; };
		1790FD4B1BB49C6100C2A21E /* XCGLogger.swift in Sources */ = {isa = PBXBuildFile; fileRef = 1790FD4A1BB49C6100C2A21E /* XCGLogger.swift */; settings = {ASSET_TAGS = (); }; };
		1790FD4D1BB4B69700C2A21E /* ColorClockViewController.swift in Sources */ = {isa = PBXBuildFile; fileRef = 1790FD4C1BB4B69700C2A21E /* ColorClockViewController.swift */; settings = {ASSET_TAGS = (); }; };
		1790FD4F1BB4C49D00C2A21E /* UIColor+Hexadecimal.swift in Sources */ = {isa = PBXBuildFile; fileRef = 1790FD4E1BB4C49D00C2A21E /* UIColor+Hexadecimal.swift */; settings = {ASSET_TAGS = (); }; };
		1790FD511BB4E1F800C2A21E /* UIColor+IsLightColor.swift in Sources */ = {isa = PBXBuildFile; fileRef = 1790FD501BB4E1F800C2A21E /* UIColor+IsLightColor.swift */; settings = {ASSET_TAGS = (); }; };
		1790FD531BB4E42F00C2A21E /* Clamp.swift in Sources */ = {isa = PBXBuildFile; fileRef = 1790FD521BB4E42F00C2A21E /* Clamp.swift */; settings = {ASSET_TAGS = (); }; };
		1790FD551BB6012600C2A21E /* Clock.swift in Sources */ = {isa = PBXBuildFile; fileRef = 1790FD541BB6012600C2A21E /* Clock.swift */; settings = {ASSET_TAGS = (); }; };
		17973EB21BC840C5008ECCCC /* StoreKit.framework in Frameworks */ = {isa = PBXBuildFile; fileRef = 17973EB11BC840C5008ECCCC /* StoreKit.framework */; };
		17E6223F1BBA2C13002B6064 /* Constants.swift in Sources */ = {isa = PBXBuildFile; fileRef = 17E6223E1BBA2C13002B6064 /* Constants.swift */; settings = {ASSET_TAGS = (); }; };
/* End PBXBuildFile section */

/* Begin PBXContainerItemProxy section */
		1790FD261BB49B4D00C2A21E /* PBXContainerItemProxy */ = {
			isa = PBXContainerItemProxy;
			containerPortal = 1790FD091BB49B4D00C2A21E /* Project object */;
			proxyType = 1;
			remoteGlobalIDString = 1790FD101BB49B4D00C2A21E;
			remoteInfo = "color clock";
		};
		1790FD311BB49B4D00C2A21E /* PBXContainerItemProxy */ = {
			isa = PBXContainerItemProxy;
			containerPortal = 1790FD091BB49B4D00C2A21E /* Project object */;
			proxyType = 1;
			remoteGlobalIDString = 1790FD101BB49B4D00C2A21E;
			remoteInfo = "color clock";
		};
/* End PBXContainerItemProxy section */

/* Begin PBXCopyFilesBuildPhase section */
		174095EC1BB7894B00A350BD /* Embed App Extensions */ = {
			isa = PBXCopyFilesBuildPhase;
			buildActionMask = 2147483647;
			dstPath = "";
			dstSubfolderSpec = 13;
			files = (
			);
			name = "Embed App Extensions";
			runOnlyForDeploymentPostprocessing = 0;
		};
/* End PBXCopyFilesBuildPhase section */

/* Begin PBXFileReference section */
		170059D41BC5A0DF006F6D57 /* InAppPurchaseManager.swift */ = {isa = PBXFileReference; fileEncoding = 4; lastKnownFileType = sourcecode.swift; path = InAppPurchaseManager.swift; sourceTree = "<group>"; };
		170229C41BB739DD0073F634 /* ColorManager.swift */ = {isa = PBXFileReference; fileEncoding = 4; lastKnownFileType = sourcecode.swift; path = ColorManager.swift; sourceTree = "<group>"; };
		170700671BBA280000E0BF9D /* Settings.bundle */ = {isa = PBXFileReference; lastKnownFileType = "wrapper.plug-in"; name = Settings.bundle; path = settings/Settings.bundle; sourceTree = "<group>"; };
		17109AA01BC6E693007B6BD7 /* Network.swift */ = {isa = PBXFileReference; fileEncoding = 4; lastKnownFileType = sourcecode.swift; path = Network.swift; sourceTree = "<group>"; };
		174288B11BC476800098F92E /* Base */ = {isa = PBXFileReference; lastKnownFileType = file.storyboard; name = Base; path = Base.lproj/TipJar.storyboard; sourceTree = "<group>"; };
		174288B31BC47F200098F92E /* CoffeeCup.swift */ = {isa = PBXFileReference; fileEncoding = 4; lastKnownFileType = sourcecode.swift; path = CoffeeCup.swift; sourceTree = "<group>"; };
		174288B61BC4BD9B0098F92E /* TipJarViewController.swift */ = {isa = PBXFileReference; fileEncoding = 4; lastKnownFileType = sourcecode.swift; path = TipJarViewController.swift; sourceTree = "<group>"; };
		174FCA931BB9126E009909F0 /* Logger.swift */ = {isa = PBXFileReference; fileEncoding = 4; lastKnownFileType = sourcecode.swift; path = Logger.swift; sourceTree = "<group>"; };
		174FCA9A1BB9B4F1009909F0 /* AnalogClockFaceView.swift */ = {isa = PBXFileReference; fileEncoding = 4; lastKnownFileType = sourcecode.swift; path = AnalogClockFaceView.swift; sourceTree = "<group>"; };
		174FCA9C1BB9B51D009909F0 /* DigitalClockFaceView.swift */ = {isa = PBXFileReference; fileEncoding = 4; lastKnownFileType = sourcecode.swift; path = DigitalClockFaceView.swift; sourceTree = "<group>"; };
		174FCA9E1BBA1A85009909F0 /* Degree2Radians.swift */ = {isa = PBXFileReference; fileEncoding = 4; lastKnownFileType = sourcecode.swift; path = Degree2Radians.swift; sourceTree = "<group>"; };
		1790FD111BB49B4D00C2A21E /* Half Past Blue.app */ = {isa = PBXFileReference; explicitFileType = wrapper.application; includeInIndex = 0; path = "Half Past Blue.app"; sourceTree = BUILT_PRODUCTS_DIR; };
		1790FD141BB49B4D00C2A21E /* AppDelegate.swift */ = {isa = PBXFileReference; lastKnownFileType = sourcecode.swift; path = AppDelegate.swift; sourceTree = "<group>"; };
		1790FD191BB49B4D00C2A21E /* Base */ = {isa = PBXFileReference; lastKnownFileType = file.storyboard; name = Base; path = Base.lproj/Main.storyboard; sourceTree = "<group>"; };
		1790FD1E1BB49B4D00C2A21E /* Base */ = {isa = PBXFileReference; lastKnownFileType = file.storyboard; name = Base; path = Base.lproj/LaunchScreen.storyboard; sourceTree = "<group>"; };
		1790FD251BB49B4D00C2A21E /* unit tests.xctest */ = {isa = PBXFileReference; explicitFileType = wrapper.cfbundle; includeInIndex = 0; path = "unit tests.xctest"; sourceTree = BUILT_PRODUCTS_DIR; };
		1790FD291BB49B4D00C2A21E /* color_clockTests.swift */ = {isa = PBXFileReference; lastKnownFileType = sourcecode.swift; path = color_clockTests.swift; sourceTree = "<group>"; };
		1790FD2B1BB49B4D00C2A21E /* Info.plist */ = {isa = PBXFileReference; lastKnownFileType = text.plist.xml; path = Info.plist; sourceTree = "<group>"; };
		1790FD301BB49B4D00C2A21E /* ui tests.xctest */ = {isa = PBXFileReference; explicitFileType = wrapper.cfbundle; includeInIndex = 0; path = "ui tests.xctest"; sourceTree = BUILT_PRODUCTS_DIR; };
		1790FD341BB49B4D00C2A21E /* color_clockUITests.swift */ = {isa = PBXFileReference; lastKnownFileType = sourcecode.swift; path = color_clockUITests.swift; sourceTree = "<group>"; };
		1790FD361BB49B4D00C2A21E /* Info.plist */ = {isa = PBXFileReference; lastKnownFileType = text.plist.xml; path = Info.plist; sourceTree = "<group>"; };
		1790FD441BB49C4500C2A21E /* Info.plist */ = {isa = PBXFileReference; fileEncoding = 4; lastKnownFileType = text.plist.xml; path = Info.plist; sourceTree = "<group>"; };
		1790FD461BB49C4500C2A21E /* Assets.xcassets */ = {isa = PBXFileReference; lastKnownFileType = folder.assetcatalog; path = Assets.xcassets; sourceTree = "<group>"; };
		1790FD4A1BB49C6100C2A21E /* XCGLogger.swift */ = {isa = PBXFileReference; fileEncoding = 4; lastKnownFileType = sourcecode.swift; path = XCGLogger.swift; sourceTree = "<group>"; };
		1790FD4C1BB4B69700C2A21E /* ColorClockViewController.swift */ = {isa = PBXFileReference; fileEncoding = 4; lastKnownFileType = sourcecode.swift; path = ColorClockViewController.swift; sourceTree = "<group>"; };
		1790FD4E1BB4C49D00C2A21E /* UIColor+Hexadecimal.swift */ = {isa = PBXFileReference; fileEncoding = 4; lastKnownFileType = sourcecode.swift; path = "UIColor+Hexadecimal.swift"; sourceTree = "<group>"; };
		1790FD501BB4E1F800C2A21E /* UIColor+IsLightColor.swift */ = {isa = PBXFileReference; fileEncoding = 4; lastKnownFileType = sourcecode.swift; path = "UIColor+IsLightColor.swift"; sourceTree = "<group>"; };
		1790FD521BB4E42F00C2A21E /* Clamp.swift */ = {isa = PBXFileReference; fileEncoding = 4; lastKnownFileType = sourcecode.swift; path = Clamp.swift; sourceTree = "<group>"; };
		1790FD541BB6012600C2A21E /* Clock.swift */ = {isa = PBXFileReference; fileEncoding = 4; lastKnownFileType = sourcecode.swift; path = Clock.swift; sourceTree = "<group>"; };
		17973EB11BC840C5008ECCCC /* StoreKit.framework */ = {isa = PBXFileReference; lastKnownFileType = wrapper.framework; name = StoreKit.framework; path = System/Library/Frameworks/StoreKit.framework; sourceTree = SDKROOT; };
		17E6223E1BBA2C13002B6064 /* Constants.swift */ = {isa = PBXFileReference; fileEncoding = 4; lastKnownFileType = sourcecode.swift; path = Constants.swift; sourceTree = "<group>"; };
/* End PBXFileReference section */

/* Begin PBXFrameworksBuildPhase section */
		1790FD0E1BB49B4D00C2A21E /* Frameworks */ = {
			isa = PBXFrameworksBuildPhase;
			buildActionMask = 2147483647;
			files = (
				17973EB21BC840C5008ECCCC /* StoreKit.framework in Frameworks */,
			);
			runOnlyForDeploymentPostprocessing = 0;
		};
		1790FD221BB49B4D00C2A21E /* Frameworks */ = {
			isa = PBXFrameworksBuildPhase;
			buildActionMask = 2147483647;
			files = (
			);
			runOnlyForDeploymentPostprocessing = 0;
		};
		1790FD2D1BB49B4D00C2A21E /* Frameworks */ = {
			isa = PBXFrameworksBuildPhase;
			buildActionMask = 2147483647;
			files = (
			);
			runOnlyForDeploymentPostprocessing = 0;
		};
/* End PBXFrameworksBuildPhase section */

/* Begin PBXGroup section */
		174288B51BC4BD800098F92E /* tip jar */ = {
			isa = PBXGroup;
			children = (
				174288B61BC4BD9B0098F92E /* TipJarViewController.swift */,
			);
			path = "tip jar";
			sourceTree = "<group>";
		};
		174FCA961BB9A5A2009909F0 /* extensions */ = {
			isa = PBXGroup;
			children = (
				1790FD4E1BB4C49D00C2A21E /* UIColor+Hexadecimal.swift */,
				1790FD501BB4E1F800C2A21E /* UIColor+IsLightColor.swift */,
			);
			path = extensions;
			sourceTree = "<group>";
		};
		174FCA971BB9A5CB009909F0 /* global functions */ = {
			isa = PBXGroup;
			children = (
				1790FD521BB4E42F00C2A21E /* Clamp.swift */,
				174FCA9E1BBA1A85009909F0 /* Degree2Radians.swift */,
			);
			path = "global functions";
			sourceTree = "<group>";
		};
		174FCA981BB9A5F2009909F0 /* models */ = {
			isa = PBXGroup;
			children = (
				170229C41BB739DD0073F634 /* ColorManager.swift */,
				1790FD541BB6012600C2A21E /* Clock.swift */,
			);
			path = models;
			sourceTree = "<group>";
		};
		174FCA991BB9A60A009909F0 /* color clock */ = {
			isa = PBXGroup;
			children = (
				1790FD4C1BB4B69700C2A21E /* ColorClockViewController.swift */,
				174FCA9A1BB9B4F1009909F0 /* AnalogClockFaceView.swift */,
				174FCA9C1BB9B51D009909F0 /* DigitalClockFaceView.swift */,
			);
			path = "color clock";
			sourceTree = "<group>";
		};
		1790FD081BB49B4D00C2A21E = {
			isa = PBXGroup;
			children = (
				1790FD131BB49B4D00C2A21E /* _src */,
				17973EB31BC840D3008ECCCC /* _frameworks */,
				1790FD491BB49C4C00C2A21E /* _vendor */,
				1790FD281BB49B4D00C2A21E /* unit tests */,
				1790FD331BB49B4D00C2A21E /* ui tests */,
				1790FD121BB49B4D00C2A21E /* Products */,
			);
			sourceTree = "<group>";
		};
		1790FD121BB49B4D00C2A21E /* Products */ = {
			isa = PBXGroup;
			children = (
				1790FD111BB49B4D00C2A21E /* Half Past Blue.app */,
				1790FD251BB49B4D00C2A21E /* unit tests.xctest */,
				1790FD301BB49B4D00C2A21E /* ui tests.xctest */,
			);
			name = Products;
			sourceTree = "<group>";
		};
		1790FD131BB49B4D00C2A21E /* _src */ = {
			isa = PBXGroup;
			children = (
				1790FD141BB49B4D00C2A21E /* AppDelegate.swift */,
				174FCA931BB9126E009909F0 /* Logger.swift */,
				17E6223E1BBA2C13002B6064 /* Constants.swift */,
				170059D41BC5A0DF006F6D57 /* InAppPurchaseManager.swift */,
				17109AA01BC6E693007B6BD7 /* Network.swift */,
				174288B31BC47F200098F92E /* CoffeeCup.swift */,
				174FCA991BB9A60A009909F0 /* color clock */,
				174288B51BC4BD800098F92E /* tip jar */,
				174FCA981BB9A5F2009909F0 /* models */,
				174FCA971BB9A5CB009909F0 /* global functions */,
				174FCA961BB9A5A2009909F0 /* extensions */,
				1790FD421BB49C3700C2A21E /* storyboards */,
				1790FD451BB49C4500C2A21E /* resources */,
				1790FD431BB49C4500C2A21E /* other sources */,
				170700671BBA280000E0BF9D /* Settings.bundle */,
			);
			name = _src;
			path = app/_src;
			sourceTree = "<group>";
		};
		1790FD281BB49B4D00C2A21E /* unit tests */ = {
			isa = PBXGroup;
			children = (
				1790FD291BB49B4D00C2A21E /* color_clockTests.swift */,
				1790FD2B1BB49B4D00C2A21E /* Info.plist */,
			);
			name = "unit tests";
			path = "app/unit tests";
			sourceTree = "<group>";
		};
		1790FD331BB49B4D00C2A21E /* ui tests */ = {
			isa = PBXGroup;
			children = (
				1790FD341BB49B4D00C2A21E /* color_clockUITests.swift */,
				1790FD361BB49B4D00C2A21E /* Info.plist */,
			);
			name = "ui tests";
			path = "app/ui tests";
			sourceTree = "<group>";
		};
		1790FD421BB49C3700C2A21E /* storyboards */ = {
			isa = PBXGroup;
			children = (
				1790FD1D1BB49B4D00C2A21E /* LaunchScreen.storyboard */,
				1790FD181BB49B4D00C2A21E /* Main.storyboard */,
				174288B01BC476800098F92E /* TipJar.storyboard */,
			);
			name = storyboards;
			sourceTree = "<group>";
		};
		1790FD431BB49C4500C2A21E /* other sources */ = {
			isa = PBXGroup;
			children = (
				1790FD441BB49C4500C2A21E /* Info.plist */,
			);
			path = "other sources";
			sourceTree = "<group>";
		};
		1790FD451BB49C4500C2A21E /* resources */ = {
			isa = PBXGroup;
			children = (
				1790FD461BB49C4500C2A21E /* Assets.xcassets */,
			);
			path = resources;
			sourceTree = "<group>";
		};
		1790FD491BB49C4C00C2A21E /* _vendor */ = {
			isa = PBXGroup;
			children = (
				1790FD4A1BB49C6100C2A21E /* XCGLogger.swift */,
			);
			name = _vendor;
			path = app/_vendor;
			sourceTree = "<group>";
		};
		17973EB31BC840D3008ECCCC /* _frameworks */ = {
			isa = PBXGroup;
			children = (
				17973EB11BC840C5008ECCCC /* StoreKit.framework */,
			);
			name = _frameworks;
			sourceTree = "<group>";
		};
/* End PBXGroup section */

/* Begin PBXNativeTarget section */
		1790FD101BB49B4D00C2A21E /* Half Past Blue */ = {
			isa = PBXNativeTarget;
			buildConfigurationList = 1790FD391BB49B4D00C2A21E /* Build configuration list for PBXNativeTarget "Half Past Blue" */;
			buildPhases = (
				1790FD0D1BB49B4D00C2A21E /* Sources */,
				1790FD0E1BB49B4D00C2A21E /* Frameworks */,
				1790FD0F1BB49B4D00C2A21E /* Resources */,
				174095EC1BB7894B00A350BD /* Embed App Extensions */,
			);
			buildRules = (
			);
			dependencies = (
			);
			name = "Half Past Blue";
			productName = "color clock";
			productReference = 1790FD111BB49B4D00C2A21E /* Half Past Blue.app */;
			productType = "com.apple.product-type.application";
		};
		1790FD241BB49B4D00C2A21E /* unit tests */ = {
			isa = PBXNativeTarget;
			buildConfigurationList = 1790FD3C1BB49B4D00C2A21E /* Build configuration list for PBXNativeTarget "unit tests" */;
			buildPhases = (
				1790FD211BB49B4D00C2A21E /* Sources */,
				1790FD221BB49B4D00C2A21E /* Frameworks */,
				1790FD231BB49B4D00C2A21E /* Resources */,
			);
			buildRules = (
			);
			dependencies = (
				1790FD271BB49B4D00C2A21E /* PBXTargetDependency */,
			);
			name = "unit tests";
			productName = "color clockTests";
			productReference = 1790FD251BB49B4D00C2A21E /* unit tests.xctest */;
			productType = "com.apple.product-type.bundle.unit-test";
		};
		1790FD2F1BB49B4D00C2A21E /* ui tests */ = {
			isa = PBXNativeTarget;
			buildConfigurationList = 1790FD3F1BB49B4D00C2A21E /* Build configuration list for PBXNativeTarget "ui tests" */;
			buildPhases = (
				1790FD2C1BB49B4D00C2A21E /* Sources */,
				1790FD2D1BB49B4D00C2A21E /* Frameworks */,
				1790FD2E1BB49B4D00C2A21E /* Resources */,
			);
			buildRules = (
			);
			dependencies = (
				1790FD321BB49B4D00C2A21E /* PBXTargetDependency */,
			);
			name = "ui tests";
			productName = "color clockUITests";
			productReference = 1790FD301BB49B4D00C2A21E /* ui tests.xctest */;
			productType = "com.apple.product-type.bundle.ui-testing";
		};
/* End PBXNativeTarget section */

/* Begin PBXProject section */
		1790FD091BB49B4D00C2A21E /* Project object */ = {
			isa = PBXProject;
			attributes = {
				LastUpgradeCheck = 0700;
				ORGANIZATIONNAME = "DasHutch Development";
				TargetAttributes = {
					1790FD101BB49B4D00C2A21E = {
						CreatedOnToolsVersion = 7.0;
						DevelopmentTeam = WPZ6H96R6K;
						SystemCapabilities = {
							com.apple.InAppPurchase = {
								enabled = 1;
							};
						};
					};
					1790FD241BB49B4D00C2A21E = {
						CreatedOnToolsVersion = 7.0;
						TestTargetID = 1790FD101BB49B4D00C2A21E;
					};
					1790FD2F1BB49B4D00C2A21E = {
						CreatedOnToolsVersion = 7.0;
						TestTargetID = 1790FD101BB49B4D00C2A21E;
					};
				};
			};
			buildConfigurationList = 1790FD0C1BB49B4D00C2A21E /* Build configuration list for PBXProject "color clock" */;
			compatibilityVersion = "Xcode 3.2";
			developmentRegion = English;
			hasScannedForEncodings = 0;
			knownRegions = (
				en,
				Base,
			);
			mainGroup = 1790FD081BB49B4D00C2A21E;
			productRefGroup = 1790FD121BB49B4D00C2A21E /* Products */;
			projectDirPath = "";
			projectRoot = "";
			targets = (
				1790FD101BB49B4D00C2A21E /* Half Past Blue */,
				1790FD241BB49B4D00C2A21E /* unit tests */,
				1790FD2F1BB49B4D00C2A21E /* ui tests */,
			);
		};
/* End PBXProject section */

/* Begin PBXResourcesBuildPhase section */
		1790FD0F1BB49B4D00C2A21E /* Resources */ = {
			isa = PBXResourcesBuildPhase;
			buildActionMask = 2147483647;
			files = (
				170700681BBA280000E0BF9D /* Settings.bundle in Resources */,
				1790FD1F1BB49B4D00C2A21E /* LaunchScreen.storyboard in Resources */,
				174288B21BC476800098F92E /* TipJar.storyboard in Resources */,
				1790FD1A1BB49B4D00C2A21E /* Main.storyboard in Resources */,
				1790FD481BB49C4500C2A21E /* Assets.xcassets in Resources */,
			);
			runOnlyForDeploymentPostprocessing = 0;
		};
		1790FD231BB49B4D00C2A21E /* Resources */ = {
			isa = PBXResourcesBuildPhase;
			buildActionMask = 2147483647;
			files = (
			);
			runOnlyForDeploymentPostprocessing = 0;
		};
		1790FD2E1BB49B4D00C2A21E /* Resources */ = {
			isa = PBXResourcesBuildPhase;
			buildActionMask = 2147483647;
			files = (
			);
			runOnlyForDeploymentPostprocessing = 0;
		};
/* End PBXResourcesBuildPhase section */

/* Begin PBXSourcesBuildPhase section */
		1790FD0D1BB49B4D00C2A21E /* Sources */ = {
			isa = PBXSourcesBuildPhase;
			buildActionMask = 2147483647;
			files = (
				174FCA9B1BB9B4F1009909F0 /* AnalogClockFaceView.swift in Sources */,
				174288B71BC4BD9B0098F92E /* TipJarViewController.swift in Sources */,
				1790FD4D1BB4B69700C2A21E /* ColorClockViewController.swift in Sources */,
				170059D51BC5A0DF006F6D57 /* InAppPurchaseManager.swift in Sources */,
				1790FD531BB4E42F00C2A21E /* Clamp.swift in Sources */,
				1790FD4F1BB4C49D00C2A21E /* UIColor+Hexadecimal.swift in Sources */,
				1790FD551BB6012600C2A21E /* Clock.swift in Sources */,
				174FCA9D1BB9B51D009909F0 /* DigitalClockFaceView.swift in Sources */,
				174FCA941BB9126E009909F0 /* Logger.swift in Sources */,
				17E6223F1BBA2C13002B6064 /* Constants.swift in Sources */,
				17109AA11BC6E693007B6BD7 /* Network.swift in Sources */,
				174288B41BC47F200098F92E /* CoffeeCup.swift in Sources */,
				174FCA9F1BBA1A85009909F0 /* Degree2Radians.swift in Sources */,
				1790FD151BB49B4D00C2A21E /* AppDelegate.swift in Sources */,
				1790FD511BB4E1F800C2A21E /* UIColor+IsLightColor.swift in Sources */,
				1790FD4B1BB49C6100C2A21E /* XCGLogger.swift in Sources */,
				170229C51BB739DD0073F634 /* ColorManager.swift in Sources */,
			);
			runOnlyForDeploymentPostprocessing = 0;
		};
		1790FD211BB49B4D00C2A21E /* Sources */ = {
			isa = PBXSourcesBuildPhase;
			buildActionMask = 2147483647;
			files = (
				1790FD2A1BB49B4D00C2A21E /* color_clockTests.swift in Sources */,
			);
			runOnlyForDeploymentPostprocessing = 0;
		};
		1790FD2C1BB49B4D00C2A21E /* Sources */ = {
			isa = PBXSourcesBuildPhase;
			buildActionMask = 2147483647;
			files = (
				1790FD351BB49B4D00C2A21E /* color_clockUITests.swift in Sources */,
			);
			runOnlyForDeploymentPostprocessing = 0;
		};
/* End PBXSourcesBuildPhase section */

/* Begin PBXTargetDependency section */
		1790FD271BB49B4D00C2A21E /* PBXTargetDependency */ = {
			isa = PBXTargetDependency;
			target = 1790FD101BB49B4D00C2A21E /* Half Past Blue */;
			targetProxy = 1790FD261BB49B4D00C2A21E /* PBXContainerItemProxy */;
		};
		1790FD321BB49B4D00C2A21E /* PBXTargetDependency */ = {
			isa = PBXTargetDependency;
			target = 1790FD101BB49B4D00C2A21E /* Half Past Blue */;
			targetProxy = 1790FD311BB49B4D00C2A21E /* PBXContainerItemProxy */;
		};
/* End PBXTargetDependency section */

/* Begin PBXVariantGroup section */
		174288B01BC476800098F92E /* TipJar.storyboard */ = {
			isa = PBXVariantGroup;
			children = (
				174288B11BC476800098F92E /* Base */,
			);
			name = TipJar.storyboard;
			sourceTree = "<group>";
		};
		1790FD181BB49B4D00C2A21E /* Main.storyboard */ = {
			isa = PBXVariantGroup;
			children = (
				1790FD191BB49B4D00C2A21E /* Base */,
			);
			name = Main.storyboard;
			sourceTree = "<group>";
		};
		1790FD1D1BB49B4D00C2A21E /* LaunchScreen.storyboard */ = {
			isa = PBXVariantGroup;
			children = (
				1790FD1E1BB49B4D00C2A21E /* Base */,
			);
			name = LaunchScreen.storyboard;
			sourceTree = "<group>";
		};
/* End PBXVariantGroup section */

/* Begin XCBuildConfiguration section */
		1790FD371BB49B4D00C2A21E /* Debug */ = {
			isa = XCBuildConfiguration;
			buildSettings = {
				ALWAYS_SEARCH_USER_PATHS = NO;
				CLANG_CXX_LANGUAGE_STANDARD = "gnu++0x";
				CLANG_CXX_LIBRARY = "libc++";
				CLANG_ENABLE_MODULES = YES;
				CLANG_ENABLE_OBJC_ARC = YES;
				CLANG_WARN_BOOL_CONVERSION = YES;
				CLANG_WARN_CONSTANT_CONVERSION = YES;
				CLANG_WARN_DIRECT_OBJC_ISA_USAGE = YES_ERROR;
				CLANG_WARN_EMPTY_BODY = YES;
				CLANG_WARN_ENUM_CONVERSION = YES;
				CLANG_WARN_INT_CONVERSION = YES;
				CLANG_WARN_OBJC_ROOT_CLASS = YES_ERROR;
				CLANG_WARN_UNREACHABLE_CODE = YES;
				CLANG_WARN__DUPLICATE_METHOD_MATCH = YES;
				"CODE_SIGN_IDENTITY[sdk=iphoneos*]" = "iPhone Developer";
				COPY_PHASE_STRIP = NO;
				DEBUG_INFORMATION_FORMAT = dwarf;
				ENABLE_STRICT_OBJC_MSGSEND = YES;
				ENABLE_TESTABILITY = YES;
				GCC_C_LANGUAGE_STANDARD = gnu99;
				GCC_DYNAMIC_NO_PIC = NO;
				GCC_NO_COMMON_BLOCKS = YES;
				GCC_OPTIMIZATION_LEVEL = 0;
				GCC_PREPROCESSOR_DEFINITIONS = (
					"DEBUG=1",
					"$(inherited)",
				);
				GCC_WARN_64_TO_32_BIT_CONVERSION = YES;
				GCC_WARN_ABOUT_RETURN_TYPE = YES_ERROR;
				GCC_WARN_UNDECLARED_SELECTOR = YES;
				GCC_WARN_UNINITIALIZED_AUTOS = YES_AGGRESSIVE;
				GCC_WARN_UNUSED_FUNCTION = YES;
				GCC_WARN_UNUSED_VARIABLE = YES;
				IPHONEOS_DEPLOYMENT_TARGET = 8.0;
				MTL_ENABLE_DEBUG_INFO = YES;
				ONLY_ACTIVE_ARCH = YES;
				SDKROOT = iphoneos;
				SWIFT_OPTIMIZATION_LEVEL = "-Onone";
				TARGETED_DEVICE_FAMILY = "1,2";
			};
			name = Debug;
		};
		1790FD381BB49B4D00C2A21E /* Release */ = {
			isa = XCBuildConfiguration;
			buildSettings = {
				ALWAYS_SEARCH_USER_PATHS = NO;
				CLANG_CXX_LANGUAGE_STANDARD = "gnu++0x";
				CLANG_CXX_LIBRARY = "libc++";
				CLANG_ENABLE_MODULES = YES;
				CLANG_ENABLE_OBJC_ARC = YES;
				CLANG_WARN_BOOL_CONVERSION = YES;
				CLANG_WARN_CONSTANT_CONVERSION = YES;
				CLANG_WARN_DIRECT_OBJC_ISA_USAGE = YES_ERROR;
				CLANG_WARN_EMPTY_BODY = YES;
				CLANG_WARN_ENUM_CONVERSION = YES;
				CLANG_WARN_INT_CONVERSION = YES;
				CLANG_WARN_OBJC_ROOT_CLASS = YES_ERROR;
				CLANG_WARN_UNREACHABLE_CODE = YES;
				CLANG_WARN__DUPLICATE_METHOD_MATCH = YES;
				"CODE_SIGN_IDENTITY[sdk=iphoneos*]" = "iPhone Developer";
				COPY_PHASE_STRIP = NO;
				DEBUG_INFORMATION_FORMAT = "dwarf-with-dsym";
				ENABLE_NS_ASSERTIONS = NO;
				ENABLE_STRICT_OBJC_MSGSEND = YES;
				GCC_C_LANGUAGE_STANDARD = gnu99;
				GCC_NO_COMMON_BLOCKS = YES;
				GCC_WARN_64_TO_32_BIT_CONVERSION = YES;
				GCC_WARN_ABOUT_RETURN_TYPE = YES_ERROR;
				GCC_WARN_UNDECLARED_SELECTOR = YES;
				GCC_WARN_UNINITIALIZED_AUTOS = YES_AGGRESSIVE;
				GCC_WARN_UNUSED_FUNCTION = YES;
				GCC_WARN_UNUSED_VARIABLE = YES;
				IPHONEOS_DEPLOYMENT_TARGET = 8.0;
				MTL_ENABLE_DEBUG_INFO = NO;
				SDKROOT = iphoneos;
				TARGETED_DEVICE_FAMILY = "1,2";
				VALIDATE_PRODUCT = YES;
			};
			name = Release;
		};
		1790FD3A1BB49B4D00C2A21E /* Debug */ = {
			isa = XCBuildConfiguration;
			buildSettings = {
				ASSETCATALOG_COMPILER_APPICON_NAME = AppIcon;
				CODE_SIGN_IDENTITY = "iPhone Developer";
				"CODE_SIGN_IDENTITY[sdk=iphoneos*]" = "iPhone Developer";
				EMBEDDED_CONTENT_CONTAINS_SWIFT = YES;
				ENABLE_BITCODE = NO;
				INFOPLIST_FILE = "$(PROJECT_DIR)/app/_src/other sources/Info.plist";
				IPHONEOS_DEPLOYMENT_TARGET = 8.0;
				LD_RUNPATH_SEARCH_PATHS = "$(inherited) @executable_path/Frameworks";
				PRODUCT_BUNDLE_IDENTIFIER = com.dashutchdevelopment.colorclock;
				PRODUCT_NAME = "$(TARGET_NAME)";
				PROVISIONING_PROFILE = "";
			};
			name = Debug;
		};
		1790FD3B1BB49B4D00C2A21E /* Release */ = {
			isa = XCBuildConfiguration;
			buildSettings = {
				ASSETCATALOG_COMPILER_APPICON_NAME = AppIcon;
				CODE_SIGN_IDENTITY = "iPhone Developer";
				"CODE_SIGN_IDENTITY[sdk=iphoneos*]" = "iPhone Developer";
				EMBEDDED_CONTENT_CONTAINS_SWIFT = YES;
				ENABLE_BITCODE = NO;
				INFOPLIST_FILE = "$(PROJECT_DIR)/app/_src/other sources/Info.plist";
				IPHONEOS_DEPLOYMENT_TARGET = 8.0;
				LD_RUNPATH_SEARCH_PATHS = "$(inherited) @executable_path/Frameworks";
				PRODUCT_BUNDLE_IDENTIFIER = com.dashutchdevelopment.colorclock;
				PRODUCT_NAME = "$(TARGET_NAME)";
				PROVISIONING_PROFILE = "";
			};
			name = Release;
		};
		1790FD3D1BB49B4D00C2A21E /* Debug */ = {
			isa = XCBuildConfiguration;
			buildSettings = {
				BUNDLE_LOADER = "$(TEST_HOST)";
				INFOPLIST_FILE = "color clockTests/Info.plist";
				LD_RUNPATH_SEARCH_PATHS = "$(inherited) @executable_path/Frameworks @loader_path/Frameworks";
				PRODUCT_BUNDLE_IDENTIFIER = "com.dashutchdevelopment.color-clockTests";
				PRODUCT_NAME = "$(TARGET_NAME)";
				TEST_HOST = "$(BUILT_PRODUCTS_DIR)/color clock.app/color clock";
			};
			name = Debug;
		};
		1790FD3E1BB49B4D00C2A21E /* Release */ = {
			isa = XCBuildConfiguration;
			buildSettings = {
				BUNDLE_LOADER = "$(TEST_HOST)";
				INFOPLIST_FILE = "color clockTests/Info.plist";
				LD_RUNPATH_SEARCH_PATHS = "$(inherited) @executable_path/Frameworks @loader_path/Frameworks";
				PRODUCT_BUNDLE_IDENTIFIER = "com.dashutchdevelopment.color-clockTests";
				PRODUCT_NAME = "$(TARGET_NAME)";
				TEST_HOST = "$(BUILT_PRODUCTS_DIR)/color clock.app/color clock";
			};
			name = Release;
		};
		1790FD401BB49B4D00C2A21E /* Debug */ = {
			isa = XCBuildConfiguration;
			buildSettings = {
				INFOPLIST_FILE = "color clockUITests/Info.plist";
				LD_RUNPATH_SEARCH_PATHS = "$(inherited) @executable_path/Frameworks @loader_path/Frameworks";
				PRODUCT_BUNDLE_IDENTIFIER = "com.dashutchdevelopment.color-clockUITests";
				PRODUCT_NAME = "$(TARGET_NAME)";
				TEST_TARGET_NAME = "color clock";
				USES_XCTRUNNER = YES;
			};
			name = Debug;
		};
		1790FD411BB49B4D00C2A21E /* Release */ = {
			isa = XCBuildConfiguration;
			buildSettings = {
				INFOPLIST_FILE = "color clockUITests/Info.plist";
				LD_RUNPATH_SEARCH_PATHS = "$(inherited) @executable_path/Frameworks @loader_path/Frameworks";
				PRODUCT_BUNDLE_IDENTIFIER = "com.dashutchdevelopment.color-clockUITests";
				PRODUCT_NAME = "$(TARGET_NAME)";
				TEST_TARGET_NAME = "color clock";
				USES_XCTRUNNER = YES;
			};
			name = Release;
		};
/* End XCBuildConfiguration section */

/* Begin XCConfigurationList section */
		1790FD0C1BB49B4D00C2A21E /* Build configuration list for PBXProject "color clock" */ = {
			isa = XCConfigurationList;
			buildConfigurations = (
				1790FD371BB49B4D00C2A21E /* Debug */,
				1790FD381BB49B4D00C2A21E /* Release */,
			);
			defaultConfigurationIsVisible = 0;
			defaultConfigurationName = Release;
		};
		1790FD391BB49B4D00C2A21E /* Build configuration list for PBXNativeTarget "Half Past Blue" */ = {
			isa = XCConfigurationList;
			buildConfigurations = (
				1790FD3A1BB49B4D00C2A21E /* Debug */,
				1790FD3B1BB49B4D00C2A21E /* Release */,
			);
			defaultConfigurationIsVisible = 0;
			defaultConfigurationName = Release;
		};
		1790FD3C1BB49B4D00C2A21E /* Build configuration list for PBXNativeTarget "unit tests" */ = {
			isa = XCConfigurationList;
			buildConfigurations = (
				1790FD3D1BB49B4D00C2A21E /* Debug */,
				1790FD3E1BB49B4D00C2A21E /* Release */,
			);
			defaultConfigurationIsVisible = 0;
			defaultConfigurationName = Release;
		};
		1790FD3F1BB49B4D00C2A21E /* Build configuration list for PBXNativeTarget "ui tests" */ = {
			isa = XCConfigurationList;
			buildConfigurations = (
				1790FD401BB49B4D00C2A21E /* Debug */,
				1790FD411BB49B4D00C2A21E /* Release */,
			);
			defaultConfigurationIsVisible = 0;
			defaultConfigurationName = Release;
		};
/* End XCConfigurationList section */
	};
	rootObject = 1790FD091BB49B4D00C2A21E /* Project object */;
}
